
Microsoft Visual Studio Solution File, Format Version 12.00
# Visual Studio Version 17
VisualStudioVersion = 17.10.35122.118
MinimumVisualStudioVersion = 10.0.40219.1
Project("{FAE04EC0-301F-11D3-BF4B-00C04F79EFBC}") = "ChangeAssemblyNameInTargets", "ChangeAssemblyNameInTargets.csproj", "{0FFDF705-EA21-4717-B1CF-CA50F1357C45}"
EndProject
Global
	GlobalSection(SolutionConfigurationPlatforms) = preSolution
		Debug|Any CPU = Debug|Any CPU
		Release|Any CPU = Release|Any CPU
	EndGlobalSection
	GlobalSection(ProjectConfigurationPlatforms) = postSolution
		{0FFDF705-EA21-4717-B1CF-CA50F1357C45}.Debug|Any CPU.ActiveCfg = Debug|Any CPU
		{0FFDF705-EA21-4717-B1CF-CA50F1357C45}.Debug|Any CPU.Build.0 = Debug|Any CPU
		{0FFDF705-EA21-4717-B1CF-CA50F1357C45}.Release|Any CPU.ActiveCfg = Release|Any CPU
		{0FFDF705-EA21-4717-B1CF-CA50F1357C45}.Release|Any CPU.Build.0 = Release|Any CPU
	EndGlobalSection
	GlobalSection(SolutionProperties) = preSolution
		HideSolutionNode = FALSE
	EndGlobalSection
	GlobalSection(ExtensibilityGlobals) = postSolution
		SolutionGuid = {41340804-4AD8-40D4-88F4-31E4C22D05F4}
	EndGlobalSection
EndGlobal
